
Microsoft Visual Studio Solution File, Format Version 12.00
# Visual Studio Version 17
VisualStudioVersion = 17.14.36203.30 d17.14
MinimumVisualStudioVersion = 10.0.40219.1
Project("{FAE04EC0-301F-11D3-BF4B-00C04F79EFBC}") = "ManageStudio", "ManageStudio\ManageStudio.csproj", "{37C9868D-EAF5-4E7C-A75B-597F7BF037FF}"
EndProject
Global
	GlobalSection(SolutionConfigurationPlatforms) = preSolution
		Debug|Any CPU = Debug|Any CPU
		Release|Any CPU = Release|Any CPU
	EndGlobalSection
	GlobalSection(ProjectConfigurationPlatforms) = postSolution
		{37C9868D-EAF5-4E7C-A75B-597F7BF037FF}.Debug|Any CPU.ActiveCfg = Debug|Any CPU
		{37C9868D-EAF5-4E7C-A75B-597F7BF037FF}.Debug|Any CPU.Build.0 = Debug|Any CPU
		{37C9868D-EAF5-4E7C-A75B-597F7BF037FF}.Release|Any CPU.ActiveCfg = Release|Any CPU
		{37C9868D-EAF5-4E7C-A75B-597F7BF037FF}.Release|Any CPU.Build.0 = Release|Any CPU
	EndGlobalSection
	GlobalSection(SolutionProperties) = preSolution
		HideSolutionNode = FALSE
	EndGlobalSection
	GlobalSection(ExtensibilityGlobals) = postSolution
		SolutionGuid = {2C4F9830-DDE0-4122-9630-12FA101D856C}
	EndGlobalSection
EndGlobal
