
Microsoft Visual Studio Solution File, Format Version 12.00
# Visual Studio Version 17
VisualStudioVersion = 17.14.36203.30 d17.14
MinimumVisualStudioVersion = 10.0.40219.1
Project("{FAE04EC0-301F-11D3-BF4B-00C04F79EFBC}") = "Online Banking Transaction", "Online Banking Transaction\Online Banking Transaction.csproj", "{B5ADA647-4D0B-4C29-8A80-DC8B3E6A3970}"
EndProject
Global
	GlobalSection(SolutionConfigurationPlatforms) = preSolution
		Debug|Any CPU = Debug|Any CPU
		Release|Any CPU = Release|Any CPU
	EndGlobalSection
	GlobalSection(ProjectConfigurationPlatforms) = postSolution
		{B5ADA647-4D0B-4C29-8A80-DC8B3E6A3970}.Debug|Any CPU.ActiveCfg = Debug|Any CPU
		{B5ADA647-4D0B-4C29-8A80-DC8B3E6A3970}.Debug|Any CPU.Build.0 = Debug|Any CPU
		{B5ADA647-4D0B-4C29-8A80-DC8B3E6A3970}.Release|Any CPU.ActiveCfg = Release|Any CPU
		{B5ADA647-4D0B-4C29-8A80-DC8B3E6A3970}.Release|Any CPU.Build.0 = Release|Any CPU
	EndGlobalSection
	GlobalSection(SolutionProperties) = preSolution
		HideSolutionNode = FALSE
	EndGlobalSection
	GlobalSection(ExtensibilityGlobals) = postSolution
		SolutionGuid = {259E5813-6BCB-469F-B736-89EE9C648032}
	EndGlobalSection
EndGlobal
