
Microsoft Visual Studio Solution File, Format Version 12.00
# Visual Studio Version 17
VisualStudioVersion = 17.14.36203.30 d17.14
MinimumVisualStudioVersion = 10.0.40219.1
Project("{FAE04EC0-301F-11D3-BF4B-00C04F79EFBC}") = "JobFinder", "JobFinder\JobFinder.csproj", "{47ABD696-88CE-4B27-89BB-6D626E8905B1}"
EndProject
Global
	GlobalSection(SolutionConfigurationPlatforms) = preSolution
		Debug|Any CPU = Debug|Any CPU
		Release|Any CPU = Release|Any CPU
	EndGlobalSection
	GlobalSection(ProjectConfigurationPlatforms) = postSolution
		{47ABD696-88CE-4B27-89BB-6D626E8905B1}.Debug|Any CPU.ActiveCfg = Debug|Any CPU
		{47ABD696-88CE-4B27-89BB-6D626E8905B1}.Debug|Any CPU.Build.0 = Debug|Any CPU
		{47ABD696-88CE-4B27-89BB-6D626E8905B1}.Release|Any CPU.ActiveCfg = Release|Any CPU
		{47ABD696-88CE-4B27-89BB-6D626E8905B1}.Release|Any CPU.Build.0 = Release|Any CPU
	EndGlobalSection
	GlobalSection(SolutionProperties) = preSolution
		HideSolutionNode = FALSE
	EndGlobalSection
	GlobalSection(ExtensibilityGlobals) = postSolution
		SolutionGuid = {47454E42-2771-4899-961B-A35DB1A0211A}
	EndGlobalSection
EndGlobal
